
Microsoft Visual Studio Solution File, Format Version 12.00
# Visual Studio Version 16
VisualStudioVersion = 16.0.29509.3
MinimumVisualStudioVersion = 10.0.40219.1
Project("{FAE04EC0-301F-11D3-BF4B-00C04F79EFBC}") = "Comparison_Example", "Comparison_Example\Comparison_Example.csproj", "{9C1839FB-2E69-4D54-BD16-31FA92AA0279}"
EndProject
Global
	GlobalSection(SolutionConfigurationPlatforms) = preSolution
		Debug|Any CPU = Debug|Any CPU
		Release|Any CPU = Release|Any CPU
	EndGlobalSection
	GlobalSection(ProjectConfigurationPlatforms) = postSolution
		{9C1839FB-2E69-4D54-BD16-31FA92AA0279}.Debug|Any CPU.ActiveCfg = Debug|Any CPU
		{9C1839FB-2E69-4D54-BD16-31FA92AA0279}.Debug|Any CPU.Build.0 = Debug|Any CPU
		{9C1839FB-2E69-4D54-BD16-31FA92AA0279}.Release|Any CPU.ActiveCfg = Release|Any CPU
		{9C1839FB-2E69-4D54-BD16-31FA92AA0279}.Release|Any CPU.Build.0 = Release|Any CPU
	EndGlobalSection
	GlobalSection(SolutionProperties) = preSolution
		HideSolutionNode = FALSE
	EndGlobalSection
	GlobalSection(ExtensibilityGlobals) = postSolution
		SolutionGuid = {DA874186-AE7A-4866-9AA2-BBFE1387A7A4}
	EndGlobalSection
EndGlobal
